
Microsoft Visual Studio Solution File, Format Version 12.00
# Visual Studio Version 16
VisualStudioVersion = 16.0.31321.278
MinimumVisualStudioVersion = 10.0.40219.1
Project("{888888A0-9F3D-457C-B088-3A5042F75D52}") = "FSearch", "FSearch.pyproj", "{8854F19C-2069-4DE2-96A1-884598AC03BA}"
EndProject
Global
	GlobalSection(SolutionConfigurationPlatforms) = preSolution
		Debug|Any CPU = Debug|Any CPU
		Release|Any CPU = Release|Any CPU
	EndGlobalSection
	GlobalSection(ProjectConfigurationPlatforms) = postSolution
		{8854F19C-2069-4DE2-96A1-884598AC03BA}.Debug|Any CPU.ActiveCfg = Debug|Any CPU
		{8854F19C-2069-4DE2-96A1-884598AC03BA}.Release|Any CPU.ActiveCfg = Release|Any CPU
	EndGlobalSection
	GlobalSection(SolutionProperties) = preSolution
		HideSolutionNode = FALSE
	EndGlobalSection
	GlobalSection(ExtensibilityGlobals) = postSolution
		SolutionGuid = {C6CBED40-FA5F-46C9-8D78-1E195A678CFF}
	EndGlobalSection
EndGlobal
